
Microsoft Visual Studio Solution File, Format Version 12.00
# Visual Studio Version 17
VisualStudioVersion = 17.11.35327.3
MinimumVisualStudioVersion = 10.0.40219.1
Project("{8BC9CEB8-8B4A-11D0-8D11-00A0C91BC942}") = "Particles", "Particles.vcxproj", "{3D9BD347-29B6-409D-81B6-0298B61723EE}"
EndProject
Global
	GlobalSection(SolutionConfigurationPlatforms) = preSolution
		Debug|x64 = Debug|x64
		Debug|x86 = Debug|x86
		Release|x64 = Release|x64
		Release|x86 = Release|x86
	EndGlobalSection
	GlobalSection(ProjectConfigurationPlatforms) = postSolution
		{3D9BD347-29B6-409D-81B6-0298B61723EE}.Debug|x64.ActiveCfg = Debug|x64
		{3D9BD347-29B6-409D-81B6-0298B61723EE}.Debug|x64.Build.0 = Debug|x64
		{3D9BD347-29B6-409D-81B6-0298B61723EE}.Debug|x86.ActiveCfg = Debug|Win32
		{3D9BD347-29B6-409D-81B6-0298B61723EE}.Debug|x86.Build.0 = Debug|Win32
		{3D9BD347-29B6-409D-81B6-0298B61723EE}.Release|x64.ActiveCfg = Release|x64
		{3D9BD347-29B6-409D-81B6-0298B61723EE}.Release|x64.Build.0 = Release|x64
		{3D9BD347-29B6-409D-81B6-0298B61723EE}.Release|x86.ActiveCfg = Release|Win32
		{3D9BD347-29B6-409D-81B6-0298B61723EE}.Release|x86.Build.0 = Release|Win32
	EndGlobalSection
	GlobalSection(SolutionProperties) = preSolution
		HideSolutionNode = FALSE
	EndGlobalSection
	GlobalSection(ExtensibilityGlobals) = postSolution
		SolutionGuid = {23B213DC-EB7E-4536-98CF-51EE0C7E17FA}
	EndGlobalSection
EndGlobal
